// !$*UTF8*$!
{
	archiveVersion = 1;
	classes = {
	};
	objectVersion = 51;
	objects = {

/* Begin PBXBuildFile section */
		6562D07B2514A3C700BB4116 /* KeyboardManager.swift in Sources */ = {isa = PBXBuildFile; fileRef = 6562D01A2514A3C700BB4116 /* KeyboardManager.swift */; };
		6562D07C2514A3C700BB4116 /* ShadowableElement.swift in Sources */ = {isa = PBXBuildFile; fileRef = 6562D01C2514A3C700BB4116 /* ShadowableElement.swift */; };
		6562D07D2514A3C700BB4116 /* ShadowConfigurator.swift in Sources */ = {isa = PBXBuildFile; fileRef = 6562D01D2514A3C700BB4116 /* ShadowConfigurator.swift */; };
		6562D07E2514A3C700BB4116 /* ShadowableElementView.swift in Sources */ = {isa = PBXBuildFile; fileRef = 6562D01E2514A3C700BB4116 /* ShadowableElementView.swift */; };
		6562D07F2514A3C700BB4116 /* BatchUpdater.swift in Sources */ = {isa = PBXBuildFile; fileRef = 6562D0222514A3C700BB4116 /* BatchUpdater.swift */; };
		6562D0802514A3C700BB4116 /* SectionsChanges.swift in Sources */ = {isa = PBXBuildFile; fileRef = 6562D0242514A3C700BB4116 /* SectionsChanges.swift */; };
		6562D0812514A3C700BB4116 /* ChangedData.swift in Sources */ = {isa = PBXBuildFile; fileRef = 6562D0252514A3C700BB4116 /* ChangedData.swift */; };
		6562D0822514A3C700BB4116 /* Box.swift in Sources */ = {isa = PBXBuildFile; fileRef = 6562D0262514A3C700BB4116 /* Box.swift */; };
		6562D0832514A3C700BB4116 /* RowsChanges.swift in Sources */ = {isa = PBXBuildFile; fileRef = 6562D0272514A3C700BB4116 /* RowsChanges.swift */; };
		6562D0842514A3C700BB4116 /* UITableView+BatchUpdater.swift in Sources */ = {isa = PBXBuildFile; fileRef = 6562D0292514A3C700BB4116 /* UITableView+BatchUpdater.swift */; };
		6562D0852514A3C700BB4116 /* UICollectionView+BatchUpdater.swift in Sources */ = {isa = PBXBuildFile; fileRef = 6562D02A2514A3C700BB4116 /* UICollectionView+BatchUpdater.swift */; };
		6562D0862514A3C700BB4116 /* Array+Extensions.swift in Sources */ = {isa = PBXBuildFile; fileRef = 6562D02D2514A3C700BB4116 /* Array+Extensions.swift */; };
		6562D0872514A3C700BB4116 /* DeepHashable.swift in Sources */ = {isa = PBXBuildFile; fileRef = 6562D02E2514A3C700BB4116 /* DeepHashable.swift */; };
		6562D0882514A3C700BB4116 /* DeepDiff.swift in Sources */ = {isa = PBXBuildFile; fileRef = 6562D02F2514A3C700BB4116 /* DeepDiff.swift */; };
		6562D0892514A3C700BB4116 /* WagnerFischer.swift in Sources */ = {isa = PBXBuildFile; fileRef = 6562D0312514A3C700BB4116 /* WagnerFischer.swift */; };
		6562D08A2514A3C700BB4116 /* DiffAware.swift in Sources */ = {isa = PBXBuildFile; fileRef = 6562D0322514A3C700BB4116 /* DiffAware.swift */; };
		6562D08B2514A3C700BB4116 /* Heckel.swift in Sources */ = {isa = PBXBuildFile; fileRef = 6562D0332514A3C700BB4116 /* Heckel.swift */; };
		6562D08C2514A3C700BB4116 /* MoveReducer.swift in Sources */ = {isa = PBXBuildFile; fileRef = 6562D0342514A3C700BB4116 /* MoveReducer.swift */; };
		6562D08D2514A3C700BB4116 /* Change.swift in Sources */ = {isa = PBXBuildFile; fileRef = 6562D0352514A3C700BB4116 /* Change.swift */; };
		6562D08E2514A3C700BB4116 /* IndexPathConverter.swift in Sources */ = {isa = PBXBuildFile; fileRef = 6562D0372514A3C700BB4116 /* IndexPathConverter.swift */; };
		6562D08F2514A3C700BB4116 /* UITableView+Extensions.swift in Sources */ = {isa = PBXBuildFile; fileRef = 6562D0382514A3C700BB4116 /* UITableView+Extensions.swift */; };
		6562D0902514A3C700BB4116 /* UICollectionView+Extensions.swift in Sources */ = {isa = PBXBuildFile; fileRef = 6562D0392514A3C700BB4116 /* UICollectionView+Extensions.swift */; };
		6562D0912514A3C700BB4116 /* CollectionViewAdapter.swift in Sources */ = {isa = PBXBuildFile; fileRef = 6562D03C2514A3C700BB4116 /* CollectionViewAdapter.swift */; };
		6562D0922514A3C700BB4116 /* CollectionAdapterCallbacks.swift in Sources */ = {isa = PBXBuildFile; fileRef = 6562D03E2514A3C700BB4116 /* CollectionAdapterCallbacks.swift */; };
		6562D0932514A3C700BB4116 /* CollectionViewAdapterDelegate.swift in Sources */ = {isa = PBXBuildFile; fileRef = 6562D03F2514A3C700BB4116 /* CollectionViewAdapterDelegate.swift */; };
		6562D0942514A3C700BB4116 /* CollectionSection.swift in Sources */ = {isa = PBXBuildFile; fileRef = 6562D0432514A3C700BB4116 /* CollectionSection.swift */; };
		6562D0952514A3C700BB4116 /* TableSection.swift in Sources */ = {isa = PBXBuildFile; fileRef = 6562D0442514A3C700BB4116 /* TableSection.swift */; };
		6562D0962514A3C700BB4116 /* AdapterSection.swift in Sources */ = {isa = PBXBuildFile; fileRef = 6562D0452514A3C700BB4116 /* AdapterSection.swift */; };
		6562D0972514A3C700BB4116 /* TableRow.swift in Sources */ = {isa = PBXBuildFile; fileRef = 6562D0472514A3C700BB4116 /* TableRow.swift */; };
		6562D0982514A3C700BB4116 /* BaseCollectionCell.swift in Sources */ = {isa = PBXBuildFile; fileRef = 6562D0482514A3C700BB4116 /* BaseCollectionCell.swift */; };
		6562D0992514A3C700BB4116 /* CollectionItem.swift in Sources */ = {isa = PBXBuildFile; fileRef = 6562D0492514A3C700BB4116 /* CollectionItem.swift */; };
		6562D09A2514A3C700BB4116 /* AdapterList.swift in Sources */ = {isa = PBXBuildFile; fileRef = 6562D04A2514A3C700BB4116 /* AdapterList.swift */; };
		6562D09B2514A3C700BB4116 /* CellCalculator.swift in Sources */ = {isa = PBXBuildFile; fileRef = 6562D04C2514A3C700BB4116 /* CellCalculator.swift */; };
		6562D09C2514A3C700BB4116 /* CellLayout.swift in Sources */ = {isa = PBXBuildFile; fileRef = 6562D04D2514A3C700BB4116 /* CellLayout.swift */; };
		6562D09D2514A3C700BB4116 /* CollectionItemConfigurable.swift in Sources */ = {isa = PBXBuildFile; fileRef = 6562D0502514A3C700BB4116 /* CollectionItemConfigurable.swift */; };
		6562D09E2514A3C700BB4116 /* ItemConfigurable.swift in Sources */ = {isa = PBXBuildFile; fileRef = 6562D0512514A3C700BB4116 /* ItemConfigurable.swift */; };
		6562D09F2514A3C700BB4116 /* TableRowConfigurable.swift in Sources */ = {isa = PBXBuildFile; fileRef = 6562D0522514A3C700BB4116 /* TableRowConfigurable.swift */; };
		6562D0A02514A3C700BB4116 /* UniqIdentifier.swift in Sources */ = {isa = PBXBuildFile; fileRef = 6562D0532514A3C700BB4116 /* UniqIdentifier.swift */; };
		6562D0A12514A3C700BB4116 /* SuperCellVM.swift in Sources */ = {isa = PBXBuildFile; fileRef = 6562D0552514A3C700BB4116 /* SuperCellVM.swift */; };
		6562D0A22514A3C700BB4116 /* TableCellVM.swift in Sources */ = {isa = PBXBuildFile; fileRef = 6562D0562514A3C700BB4116 /* TableCellVM.swift */; };
		6562D0A32514A3C700BB4116 /* CollectionCellVM.swift in Sources */ = {isa = PBXBuildFile; fileRef = 6562D0572514A3C700BB4116 /* CollectionCellVM.swift */; };
		6562D0A42514A3C700BB4116 /* RowsEquatable.swift in Sources */ = {isa = PBXBuildFile; fileRef = 6562D0582514A3C700BB4116 /* RowsEquatable.swift */; };
		6562D0A52514A3C700BB4116 /* ConfigurableCell.swift in Sources */ = {isa = PBXBuildFile; fileRef = 6562D0592514A3C700BB4116 /* ConfigurableCell.swift */; };
		6562D0A62514A3C700BB4116 /* UITableView.swift in Sources */ = {isa = PBXBuildFile; fileRef = 6562D05B2514A3C700BB4116 /* UITableView.swift */; };
		6562D0A72514A3C700BB4116 /* TableViewAdapter.swift in Sources */ = {isa = PBXBuildFile; fileRef = 6562D05D2514A3C700BB4116 /* TableViewAdapter.swift */; };
		6562D0A82514A3C700BB4116 /* TableAdapterCallbacks.swift in Sources */ = {isa = PBXBuildFile; fileRef = 6562D05F2514A3C700BB4116 /* TableAdapterCallbacks.swift */; };
		6562D0A92514A3C700BB4116 /* TableViewAdapterDelegate.swift in Sources */ = {isa = PBXBuildFile; fileRef = 6562D0602514A3C700BB4116 /* TableViewAdapterDelegate.swift */; };
		6562D0AA2514A3C700BB4116 /* AdapterScrollViewCallbacks.swift in Sources */ = {isa = PBXBuildFile; fileRef = 6562D0622514A3C700BB4116 /* AdapterScrollViewCallbacks.swift */; };
		6562D0AB2514A3C700BB4116 /* VerticalFlowLayout.swift in Sources */ = {isa = PBXBuildFile; fileRef = 6562D0652514A3C700BB4116 /* VerticalFlowLayout.swift */; };
		6562D0AC2514A3C700BB4116 /* UIButtonExt.swift in Sources */ = {isa = PBXBuildFile; fileRef = 6562D0672514A3C700BB4116 /* UIButtonExt.swift */; };
		6562D0AD2514A3C700BB4116 /* UITextFieldExt.swift in Sources */ = {isa = PBXBuildFile; fileRef = 6562D0682514A3C700BB4116 /* UITextFieldExt.swift */; };
		6562D0AE2514A3C700BB4116 /* UINavigationItemExt.swift in Sources */ = {isa = PBXBuildFile; fileRef = 6562D06A2514A3C700BB4116 /* UINavigationItemExt.swift */; };
		6562D0AF2514A3C700BB4116 /* UINavigationControllerExt.swift in Sources */ = {isa = PBXBuildFile; fileRef = 6562D06B2514A3C700BB4116 /* UINavigationControllerExt.swift */; };
		6562D0B02514A3C700BB4116 /* UIViewControllerExt.swift in Sources */ = {isa = PBXBuildFile; fileRef = 6562D06C2514A3C700BB4116 /* UIViewControllerExt.swift */; };
		6562D0B12514A3C700BB4116 /* UINavigationBarExt.swift in Sources */ = {isa = PBXBuildFile; fileRef = 6562D06D2514A3C700BB4116 /* UINavigationBarExt.swift */; };
		6562D0B22514A3C700BB4116 /* UIViewExt.swift in Sources */ = {isa = PBXBuildFile; fileRef = 6562D06F2514A3C700BB4116 /* UIViewExt.swift */; };
		6562D0B32514A3C700BB4116 /* GradientView.swift in Sources */ = {isa = PBXBuildFile; fileRef = 6562D0702514A3C700BB4116 /* GradientView.swift */; };
		6562D0B42514A3C700BB4116 /* UITableViewExt.swift in Sources */ = {isa = PBXBuildFile; fileRef = 6562D0722514A3C700BB4116 /* UITableViewExt.swift */; };
		6562D0B52514A3C700BB4116 /* UIColorExt.swift in Sources */ = {isa = PBXBuildFile; fileRef = 6562D0732514A3C700BB4116 /* UIColorExt.swift */; };
		6562D0B62514A3C700BB4116 /* StringExt.swift in Sources */ = {isa = PBXBuildFile; fileRef = 6562D0742514A3C700BB4116 /* StringExt.swift */; };
		6562D0B72514A3C700BB4116 /* UIFontExt.swift in Sources */ = {isa = PBXBuildFile; fileRef = 6562D0752514A3C700BB4116 /* UIFontExt.swift */; };
		6562D0B82514A3C700BB4116 /* NSAttributedStringSugar.swift in Sources */ = {isa = PBXBuildFile; fileRef = 6562D0762514A3C700BB4116 /* NSAttributedStringSugar.swift */; };
		6562D0B92514A3C700BB4116 /* CGRectExt.swift in Sources */ = {isa = PBXBuildFile; fileRef = 6562D0772514A3C700BB4116 /* CGRectExt.swift */; };
		6562D0BA2514A3C700BB4116 /* NSParagraphStyleExt.swift in Sources */ = {isa = PBXBuildFile; fileRef = 6562D0782514A3C700BB4116 /* NSParagraphStyleExt.swift */; };
		6562D0BB2514A3C700BB4116 /* UIColor+RGBA.swift in Sources */ = {isa = PBXBuildFile; fileRef = 6562D0792514A3C700BB4116 /* UIColor+RGBA.swift */; };
		6562D0BC2514A3C700BB4116 /* UIImageExt.swift in Sources */ = {isa = PBXBuildFile; fileRef = 6562D07A2514A3C700BB4116 /* UIImageExt.swift */; };
/* End PBXBuildFile section */

/* Begin PBXFileReference section */
		4F75D46CE4286BA66C79AD27 /* UIComponents.framework */ = {isa = PBXFileReference; explicitFileType = wrapper.framework; includeInIndex = 0; path = UIComponents.framework; sourceTree = BUILT_PRODUCTS_DIR; };
		6562D01A2514A3C700BB4116 /* KeyboardManager.swift */ = {isa = PBXFileReference; fileEncoding = 4; lastKnownFileType = sourcecode.swift; path = KeyboardManager.swift; sourceTree = "<group>"; };
		6562D01C2514A3C700BB4116 /* ShadowableElement.swift */ = {isa = PBXFileReference; fileEncoding = 4; lastKnownFileType = sourcecode.swift; path = ShadowableElement.swift; sourceTree = "<group>"; };
		6562D01D2514A3C700BB4116 /* ShadowConfigurator.swift */ = {isa = PBXFileReference; fileEncoding = 4; lastKnownFileType = sourcecode.swift; path = ShadowConfigurator.swift; sourceTree = "<group>"; };
		6562D01E2514A3C700BB4116 /* ShadowableElementView.swift */ = {isa = PBXFileReference; fileEncoding = 4; lastKnownFileType = sourcecode.swift; path = ShadowableElementView.swift; sourceTree = "<group>"; };
		6562D0222514A3C700BB4116 /* BatchUpdater.swift */ = {isa = PBXFileReference; fileEncoding = 4; lastKnownFileType = sourcecode.swift; path = BatchUpdater.swift; sourceTree = "<group>"; };
		6562D0242514A3C700BB4116 /* SectionsChanges.swift */ = {isa = PBXFileReference; fileEncoding = 4; lastKnownFileType = sourcecode.swift; path = SectionsChanges.swift; sourceTree = "<group>"; };
		6562D0252514A3C700BB4116 /* ChangedData.swift */ = {isa = PBXFileReference; fileEncoding = 4; lastKnownFileType = sourcecode.swift; path = ChangedData.swift; sourceTree = "<group>"; };
		6562D0262514A3C700BB4116 /* Box.swift */ = {isa = PBXFileReference; fileEncoding = 4; lastKnownFileType = sourcecode.swift; path = Box.swift; sourceTree = "<group>"; };
		6562D0272514A3C700BB4116 /* RowsChanges.swift */ = {isa = PBXFileReference; fileEncoding = 4; lastKnownFileType = sourcecode.swift; path = RowsChanges.swift; sourceTree = "<group>"; };
		6562D0292514A3C700BB4116 /* UITableView+BatchUpdater.swift */ = {isa = PBXFileReference; fileEncoding = 4; lastKnownFileType = sourcecode.swift; path = "UITableView+BatchUpdater.swift"; sourceTree = "<group>"; };
		6562D02A2514A3C700BB4116 /* UICollectionView+BatchUpdater.swift */ = {isa = PBXFileReference; fileEncoding = 4; lastKnownFileType = sourcecode.swift; path = "UICollectionView+BatchUpdater.swift"; sourceTree = "<group>"; };
		6562D02D2514A3C700BB4116 /* Array+Extensions.swift */ = {isa = PBXFileReference; fileEncoding = 4; lastKnownFileType = sourcecode.swift; path = "Array+Extensions.swift"; sourceTree = "<group>"; };
		6562D02E2514A3C700BB4116 /* DeepHashable.swift */ = {isa = PBXFileReference; fileEncoding = 4; lastKnownFileType = sourcecode.swift; path = DeepHashable.swift; sourceTree = "<group>"; };
		6562D02F2514A3C700BB4116 /* DeepDiff.swift */ = {isa = PBXFileReference; fileEncoding = 4; lastKnownFileType = sourcecode.swift; path = DeepDiff.swift; sourceTree = "<group>"; };
		6562D0312514A3C700BB4116 /* WagnerFischer.swift */ = {isa = PBXFileReference; fileEncoding = 4; lastKnownFileType = sourcecode.swift; path = WagnerFischer.swift; sourceTree = "<group>"; };
		6562D0322514A3C700BB4116 /* DiffAware.swift */ = {isa = PBXFileReference; fileEncoding = 4; lastKnownFileType = sourcecode.swift; path = DiffAware.swift; sourceTree = "<group>"; };
		6562D0332514A3C700BB4116 /* Heckel.swift */ = {isa = PBXFileReference; fileEncoding = 4; lastKnownFileType = sourcecode.swift; path = Heckel.swift; sourceTree = "<group>"; };
		6562D0342514A3C700BB4116 /* MoveReducer.swift */ = {isa = PBXFileReference; fileEncoding = 4; lastKnownFileType = sourcecode.swift; path = MoveReducer.swift; sourceTree = "<group>"; };
		6562D0352514A3C700BB4116 /* Change.swift */ = {isa = PBXFileReference; fileEncoding = 4; lastKnownFileType = sourcecode.swift; path = Change.swift; sourceTree = "<group>"; };
		6562D0372514A3C700BB4116 /* IndexPathConverter.swift */ = {isa = PBXFileReference; fileEncoding = 4; lastKnownFileType = sourcecode.swift; path = IndexPathConverter.swift; sourceTree = "<group>"; };
		6562D0382514A3C700BB4116 /* UITableView+Extensions.swift */ = {isa = PBXFileReference; fileEncoding = 4; lastKnownFileType = sourcecode.swift; path = "UITableView+Extensions.swift"; sourceTree = "<group>"; };
		6562D0392514A3C700BB4116 /* UICollectionView+Extensions.swift */ = {isa = PBXFileReference; fileEncoding = 4; lastKnownFileType = sourcecode.swift; path = "UICollectionView+Extensions.swift"; sourceTree = "<group>"; };
		6562D03A2514A3C700BB4116 /* LICENSE */ = {isa = PBXFileReference; fileEncoding = 4; lastKnownFileType = text; path = LICENSE; sourceTree = "<group>"; };
		6562D03C2514A3C700BB4116 /* CollectionViewAdapter.swift */ = {isa = PBXFileReference; fileEncoding = 4; lastKnownFileType = sourcecode.swift; path = CollectionViewAdapter.swift; sourceTree = "<group>"; };
		6562D03E2514A3C700BB4116 /* CollectionAdapterCallbacks.swift */ = {isa = PBXFileReference; fileEncoding = 4; lastKnownFileType = sourcecode.swift; path = CollectionAdapterCallbacks.swift; sourceTree = "<group>"; };
		6562D03F2514A3C700BB4116 /* CollectionViewAdapterDelegate.swift */ = {isa = PBXFileReference; fileEncoding = 4; lastKnownFileType = sourcecode.swift; path = CollectionViewAdapterDelegate.swift; sourceTree = "<group>"; };
		6562D0432514A3C700BB4116 /* CollectionSection.swift */ = {isa = PBXFileReference; fileEncoding = 4; lastKnownFileType = sourcecode.swift; path = CollectionSection.swift; sourceTree = "<group>"; };
		6562D0442514A3C700BB4116 /* TableSection.swift */ = {isa = PBXFileReference; fileEncoding = 4; lastKnownFileType = sourcecode.swift; path = TableSection.swift; sourceTree = "<group>"; };
		6562D0452514A3C700BB4116 /* AdapterSection.swift */ = {isa = PBXFileReference; fileEncoding = 4; lastKnownFileType = sourcecode.swift; path = AdapterSection.swift; sourceTree = "<group>"; };
		6562D0472514A3C700BB4116 /* TableRow.swift */ = {isa = PBXFileReference; fileEncoding = 4; lastKnownFileType = sourcecode.swift; path = TableRow.swift; sourceTree = "<group>"; };
		6562D0482514A3C700BB4116 /* BaseCollectionCell.swift */ = {isa = PBXFileReference; fileEncoding = 4; lastKnownFileType = sourcecode.swift; path = BaseCollectionCell.swift; sourceTree = "<group>"; };
		6562D0492514A3C700BB4116 /* CollectionItem.swift */ = {isa = PBXFileReference; fileEncoding = 4; lastKnownFileType = sourcecode.swift; path = CollectionItem.swift; sourceTree = "<group>"; };
		6562D04A2514A3C700BB4116 /* AdapterList.swift */ = {isa = PBXFileReference; fileEncoding = 4; lastKnownFileType = sourcecode.swift; path = AdapterList.swift; sourceTree = "<group>"; };
		6562D04C2514A3C700BB4116 /* CellCalculator.swift */ = {isa = PBXFileReference; fileEncoding = 4; lastKnownFileType = sourcecode.swift; path = CellCalculator.swift; sourceTree = "<group>"; };
		6562D04D2514A3C700BB4116 /* CellLayout.swift */ = {isa = PBXFileReference; fileEncoding = 4; lastKnownFileType = sourcecode.swift; path = CellLayout.swift; sourceTree = "<group>"; };
		6562D0502514A3C700BB4116 /* CollectionItemConfigurable.swift */ = {isa = PBXFileReference; fileEncoding = 4; lastKnownFileType = sourcecode.swift; path = CollectionItemConfigurable.swift; sourceTree = "<group>"; };
		6562D0512514A3C700BB4116 /* ItemConfigurable.swift */ = {isa = PBXFileReference; fileEncoding = 4; lastKnownFileType = sourcecode.swift; path = ItemConfigurable.swift; sourceTree = "<group>"; };
		6562D0522514A3C700BB4116 /* TableRowConfigurable.swift */ = {isa = PBXFileReference; fileEncoding = 4; lastKnownFileType = sourcecode.swift; path = TableRowConfigurable.swift; sourceTree = "<group>"; };
		6562D0532514A3C700BB4116 /* UniqIdentifier.swift */ = {isa = PBXFileReference; fileEncoding = 4; lastKnownFileType = sourcecode.swift; path = UniqIdentifier.swift; sourceTree = "<group>"; };
		6562D0552514A3C700BB4116 /* SuperCellVM.swift */ = {isa = PBXFileReference; fileEncoding = 4; lastKnownFileType = sourcecode.swift; path = SuperCellVM.swift; sourceTree = "<group>"; };
		6562D0562514A3C700BB4116 /* TableCellVM.swift */ = {isa = PBXFileReference; fileEncoding = 4; lastKnownFileType = sourcecode.swift; path = TableCellVM.swift; sourceTree = "<group>"; };
		6562D0572514A3C700BB4116 /* CollectionCellVM.swift */ = {isa = PBXFileReference; fileEncoding = 4; lastKnownFileType = sourcecode.swift; path = CollectionCellVM.swift; sourceTree = "<group>"; };
		6562D0582514A3C700BB4116 /* RowsEquatable.swift */ = {isa = PBXFileReference; fileEncoding = 4; lastKnownFileType = sourcecode.swift; path = RowsEquatable.swift; sourceTree = "<group>"; };
		6562D0592514A3C700BB4116 /* ConfigurableCell.swift */ = {isa = PBXFileReference; fileEncoding = 4; lastKnownFileType = sourcecode.swift; path = ConfigurableCell.swift; sourceTree = "<group>"; };
		6562D05B2514A3C700BB4116 /* UITableView.swift */ = {isa = PBXFileReference; fileEncoding = 4; lastKnownFileType = sourcecode.swift; path = UITableView.swift; sourceTree = "<group>"; };
		6562D05D2514A3C700BB4116 /* TableViewAdapter.swift */ = {isa = PBXFileReference; fileEncoding = 4; lastKnownFileType = sourcecode.swift; path = TableViewAdapter.swift; sourceTree = "<group>"; };
		6562D05F2514A3C700BB4116 /* TableAdapterCallbacks.swift */ = {isa = PBXFileReference; fileEncoding = 4; lastKnownFileType = sourcecode.swift; path = TableAdapterCallbacks.swift; sourceTree = "<group>"; };
		6562D0602514A3C700BB4116 /* TableViewAdapterDelegate.swift */ = {isa = PBXFileReference; fileEncoding = 4; lastKnownFileType = sourcecode.swift; path = TableViewAdapterDelegate.swift; sourceTree = "<group>"; };
		6562D0622514A3C700BB4116 /* AdapterScrollViewCallbacks.swift */ = {isa = PBXFileReference; fileEncoding = 4; lastKnownFileType = sourcecode.swift; path = AdapterScrollViewCallbacks.swift; sourceTree = "<group>"; };
		6562D0652514A3C700BB4116 /* VerticalFlowLayout.swift */ = {isa = PBXFileReference; fileEncoding = 4; lastKnownFileType = sourcecode.swift; path = VerticalFlowLayout.swift; sourceTree = "<group>"; };
		6562D0672514A3C700BB4116 /* UIButtonExt.swift */ = {isa = PBXFileReference; fileEncoding = 4; lastKnownFileType = sourcecode.swift; path = UIButtonExt.swift; sourceTree = "<group>"; };
		6562D0682514A3C700BB4116 /* UITextFieldExt.swift */ = {isa = PBXFileReference; fileEncoding = 4; lastKnownFileType = sourcecode.swift; path = UITextFieldExt.swift; sourceTree = "<group>"; };
		6562D06A2514A3C700BB4116 /* UINavigationItemExt.swift */ = {isa = PBXFileReference; fileEncoding = 4; lastKnownFileType = sourcecode.swift; path = UINavigationItemExt.swift; sourceTree = "<group>"; };
		6562D06B2514A3C700BB4116 /* UINavigationControllerExt.swift */ = {isa = PBXFileReference; fileEncoding = 4; lastKnownFileType = sourcecode.swift; path = UINavigationControllerExt.swift; sourceTree = "<group>"; };
		6562D06C2514A3C700BB4116 /* UIViewControllerExt.swift */ = {isa = PBXFileReference; fileEncoding = 4; lastKnownFileType = sourcecode.swift; path = UIViewControllerExt.swift; sourceTree = "<group>"; };
		6562D06D2514A3C700BB4116 /* UINavigationBarExt.swift */ = {isa = PBXFileReference; fileEncoding = 4; lastKnownFileType = sourcecode.swift; path = UINavigationBarExt.swift; sourceTree = "<group>"; };
		6562D06F2514A3C700BB4116 /* UIViewExt.swift */ = {isa = PBXFileReference; fileEncoding = 4; lastKnownFileType = sourcecode.swift; path = UIViewExt.swift; sourceTree = "<group>"; };
		6562D0702514A3C700BB4116 /* GradientView.swift */ = {isa = PBXFileReference; fileEncoding = 4; lastKnownFileType = sourcecode.swift; path = GradientView.swift; sourceTree = "<group>"; };
		6562D0722514A3C700BB4116 /* UITableViewExt.swift */ = {isa = PBXFileReference; fileEncoding = 4; lastKnownFileType = sourcecode.swift; path = UITableViewExt.swift; sourceTree = "<group>"; };
		6562D0732514A3C700BB4116 /* UIColorExt.swift */ = {isa = PBXFileReference; fileEncoding = 4; lastKnownFileType = sourcecode.swift; path = UIColorExt.swift; sourceTree = "<group>"; };
		6562D0742514A3C700BB4116 /* StringExt.swift */ = {isa = PBXFileReference; fileEncoding = 4; lastKnownFileType = sourcecode.swift; path = StringExt.swift; sourceTree = "<group>"; };
		6562D0752514A3C700BB4116 /* UIFontExt.swift */ = {isa = PBXFileReference; fileEncoding = 4; lastKnownFileType = sourcecode.swift; path = UIFontExt.swift; sourceTree = "<group>"; };
		6562D0762514A3C700BB4116 /* NSAttributedStringSugar.swift */ = {isa = PBXFileReference; fileEncoding = 4; lastKnownFileType = sourcecode.swift; path = NSAttributedStringSugar.swift; sourceTree = "<group>"; };
		6562D0772514A3C700BB4116 /* CGRectExt.swift */ = {isa = PBXFileReference; fileEncoding = 4; lastKnownFileType = sourcecode.swift; path = CGRectExt.swift; sourceTree = "<group>"; };
		6562D0782514A3C700BB4116 /* NSParagraphStyleExt.swift */ = {isa = PBXFileReference; fileEncoding = 4; lastKnownFileType = sourcecode.swift; path = NSParagraphStyleExt.swift; sourceTree = "<group>"; };
		6562D0792514A3C700BB4116 /* UIColor+RGBA.swift */ = {isa = PBXFileReference; fileEncoding = 4; lastKnownFileType = sourcecode.swift; path = "UIColor+RGBA.swift"; sourceTree = "<group>"; };
		6562D07A2514A3C700BB4116 /* UIImageExt.swift */ = {isa = PBXFileReference; fileEncoding = 4; lastKnownFileType = sourcecode.swift; path = UIImageExt.swift; sourceTree = "<group>"; };
		DD842186BC1234A08C0A5E18 /* Info.plist */ = {isa = PBXFileReference; lastKnownFileType = text.plist; path = Info.plist; sourceTree = "<group>"; };
		FD49C1980A42635502C5C084 /* Mirage2.framework */ = {isa = PBXFileReference; lastKnownFileType = wrapper.framework; path = Mirage2.framework; sourceTree = "<group>"; };
/* End PBXFileReference section */

/* Begin PBXFrameworksBuildPhase section */
		E22395C01C26B8BE7DF6A064 /* Frameworks */ = {
			isa = PBXFrameworksBuildPhase;
			buildActionMask = 2147483647;
			files = (
			);
			runOnlyForDeploymentPostprocessing = 0;
		};
/* End PBXFrameworksBuildPhase section */

/* Begin PBXGroup section */
		09F3AA4F7DB4B36E40218053 /* Carthage */ = {
			isa = PBXGroup;
			children = (
				E4B73CA951A7416BB179AB4C /* iOS */,
			);
			name = Carthage;
			path = Carthage/Build;
			sourceTree = "<group>";
		};
		0B23238E3B6CEDD4ADC7CB9A /* UIComponents */ = {
			isa = PBXGroup;
			children = (
				6562D0182514A3C700BB4116 /* Source */,
				DD842186BC1234A08C0A5E18 /* Info.plist */,
			);
			path = UIComponents;
			sourceTree = "<group>";
		};
		5560F39DBE8E45F869169770 /* Frameworks */ = {
			isa = PBXGroup;
			children = (
				09F3AA4F7DB4B36E40218053 /* Carthage */,
			);
			name = Frameworks;
			sourceTree = "<group>";
		};
		6562D0182514A3C700BB4116 /* Source */ = {
			isa = PBXGroup;
			children = (
				6562D0192514A3C700BB4116 /* KeyboardManager */,
				6562D01B2514A3C700BB4116 /* ShadowConfigurator */,
				6562D01F2514A3C700BB4116 /* ListAdapter */,
				6562D0632514A3C700BB4116 /* UIKitExtensions */,
			);
			path = Source;
			sourceTree = "<group>";
		};
		6562D0192514A3C700BB4116 /* KeyboardManager */ = {
			isa = PBXGroup;
			children = (
				6562D01A2514A3C700BB4116 /* KeyboardManager.swift */,
			);
			path = KeyboardManager;
			sourceTree = "<group>";
		};
		6562D01B2514A3C700BB4116 /* ShadowConfigurator */ = {
			isa = PBXGroup;
			children = (
				6562D01C2514A3C700BB4116 /* ShadowableElement.swift */,
				6562D01D2514A3C700BB4116 /* ShadowConfigurator.swift */,
				6562D01E2514A3C700BB4116 /* ShadowableElementView.swift */,
			);
			path = ShadowConfigurator;
			sourceTree = "<group>";
		};
		6562D01F2514A3C700BB4116 /* ListAdapter */ = {
			isa = PBXGroup;
			children = (
				6562D0202514A3C700BB4116 /* BatchUpdater */,
				6562D03A2514A3C700BB4116 /* LICENSE */,
				6562D03B2514A3C700BB4116 /* CollectionAdapter */,
				6562D0402514A3C700BB4116 /* Models */,
				6562D05A2514A3C700BB4116 /* Extensions */,
				6562D05C2514A3C700BB4116 /* TableAdapter */,
				6562D0612514A3C700BB4116 /* AdapterCallbacks */,
			);
			path = ListAdapter;
			sourceTree = "<group>";
		};
		6562D0202514A3C700BB4116 /* BatchUpdater */ = {
			isa = PBXGroup;
			children = (
				6562D0212514A3C700BB4116 /* BatchUpdater */,
				6562D02B2514A3C700BB4116 /* DeepDiff */,
			);
			path = BatchUpdater;
			sourceTree = "<group>";
		};
		6562D0212514A3C700BB4116 /* BatchUpdater */ = {
			isa = PBXGroup;
			children = (
				6562D0222514A3C700BB4116 /* BatchUpdater.swift */,
				6562D0232514A3C700BB4116 /* Models */,
				6562D0282514A3C700BB4116 /* UIExtensions */,
			);
			path = BatchUpdater;
			sourceTree = "<group>";
		};
		6562D0232514A3C700BB4116 /* Models */ = {
			isa = PBXGroup;
			children = (
				6562D0242514A3C700BB4116 /* SectionsChanges.swift */,
				6562D0252514A3C700BB4116 /* ChangedData.swift */,
				6562D0262514A3C700BB4116 /* Box.swift */,
				6562D0272514A3C700BB4116 /* RowsChanges.swift */,
			);
			path = Models;
			sourceTree = "<group>";
		};
		6562D0282514A3C700BB4116 /* UIExtensions */ = {
			isa = PBXGroup;
			children = (
				6562D0292514A3C700BB4116 /* UITableView+BatchUpdater.swift */,
				6562D02A2514A3C700BB4116 /* UICollectionView+BatchUpdater.swift */,
			);
			path = UIExtensions;
			sourceTree = "<group>";
		};
		6562D02B2514A3C700BB4116 /* DeepDiff */ = {
			isa = PBXGroup;
			children = (
				6562D02C2514A3C700BB4116 /* Shared */,
				6562D0362514A3C700BB4116 /* iOS */,
			);
			path = DeepDiff;
			sourceTree = "<group>";
		};
		6562D02C2514A3C700BB4116 /* Shared */ = {
			isa = PBXGroup;
			children = (
				6562D02D2514A3C700BB4116 /* Array+Extensions.swift */,
				6562D02E2514A3C700BB4116 /* DeepHashable.swift */,
				6562D02F2514A3C700BB4116 /* DeepDiff.swift */,
				6562D0302514A3C700BB4116 /* Algorithms */,
				6562D0342514A3C700BB4116 /* MoveReducer.swift */,
				6562D0352514A3C700BB4116 /* Change.swift */,
			);
			path = Shared;
			sourceTree = "<group>";
		};
		6562D0302514A3C700BB4116 /* Algorithms */ = {
			isa = PBXGroup;
			children = (
				6562D0312514A3C700BB4116 /* WagnerFischer.swift */,
				6562D0322514A3C700BB4116 /* DiffAware.swift */,
				6562D0332514A3C700BB4116 /* Heckel.swift */,
			);
			path = Algorithms;
			sourceTree = "<group>";
		};
		6562D0362514A3C700BB4116 /* iOS */ = {
			isa = PBXGroup;
			children = (
				6562D0372514A3C700BB4116 /* IndexPathConverter.swift */,
				6562D0382514A3C700BB4116 /* UITableView+Extensions.swift */,
				6562D0392514A3C700BB4116 /* UICollectionView+Extensions.swift */,
			);
			path = iOS;
			sourceTree = "<group>";
		};
		6562D03B2514A3C700BB4116 /* CollectionAdapter */ = {
			isa = PBXGroup;
			children = (
				6562D03C2514A3C700BB4116 /* CollectionViewAdapter.swift */,
				6562D03D2514A3C700BB4116 /* Callbacks */,
				6562D03F2514A3C700BB4116 /* CollectionViewAdapterDelegate.swift */,
			);
			path = CollectionAdapter;
			sourceTree = "<group>";
		};
		6562D03D2514A3C700BB4116 /* Callbacks */ = {
			isa = PBXGroup;
			children = (
				6562D03E2514A3C700BB4116 /* CollectionAdapterCallbacks.swift */,
			);
			path = Callbacks;
			sourceTree = "<group>";
		};
		6562D0402514A3C700BB4116 /* Models */ = {
			isa = PBXGroup;
			children = (
				6562D0412514A3C700BB4116 /* List */,
				6562D04B2514A3C700BB4116 /* ItemSizeCalculator */,
				6562D04E2514A3C700BB4116 /* Additionals */,
			);
			path = Models;
			sourceTree = "<group>";
		};
		6562D0412514A3C700BB4116 /* List */ = {
			isa = PBXGroup;
			children = (
				6562D0422514A3C700BB4116 /* Section */,
				6562D0462514A3C700BB4116 /* Item */,
				6562D04A2514A3C700BB4116 /* AdapterList.swift */,
			);
			path = List;
			sourceTree = "<group>";
		};
		6562D0422514A3C700BB4116 /* Section */ = {
			isa = PBXGroup;
			children = (
				6562D0432514A3C700BB4116 /* CollectionSection.swift */,
				6562D0442514A3C700BB4116 /* TableSection.swift */,
				6562D0452514A3C700BB4116 /* AdapterSection.swift */,
			);
			path = Section;
			sourceTree = "<group>";
		};
		6562D0462514A3C700BB4116 /* Item */ = {
			isa = PBXGroup;
			children = (
				6562D0472514A3C700BB4116 /* TableRow.swift */,
				6562D0482514A3C700BB4116 /* BaseCollectionCell.swift */,
				6562D0492514A3C700BB4116 /* CollectionItem.swift */,
			);
			path = Item;
			sourceTree = "<group>";
		};
		6562D04B2514A3C700BB4116 /* ItemSizeCalculator */ = {
			isa = PBXGroup;
			children = (
				6562D04C2514A3C700BB4116 /* CellCalculator.swift */,
				6562D04D2514A3C700BB4116 /* CellLayout.swift */,
			);
			path = ItemSizeCalculator;
			sourceTree = "<group>";
		};
		6562D04E2514A3C700BB4116 /* Additionals */ = {
			isa = PBXGroup;
			children = (
				6562D04F2514A3C700BB4116 /* ItemConfigurable */,
				6562D0532514A3C700BB4116 /* UniqIdentifier.swift */,
				6562D0542514A3C700BB4116 /* CellViewModel */,
				6562D0582514A3C700BB4116 /* RowsEquatable.swift */,
				6562D0592514A3C700BB4116 /* ConfigurableCell.swift */,
			);
			path = Additionals;
			sourceTree = "<group>";
		};
		6562D04F2514A3C700BB4116 /* ItemConfigurable */ = {
			isa = PBXGroup;
			children = (
				6562D0502514A3C700BB4116 /* CollectionItemConfigurable.swift */,
				6562D0512514A3C700BB4116 /* ItemConfigurable.swift */,
				6562D0522514A3C700BB4116 /* TableRowConfigurable.swift */,
			);
			path = ItemConfigurable;
			sourceTree = "<group>";
		};
		6562D0542514A3C700BB4116 /* CellViewModel */ = {
			isa = PBXGroup;
			children = (
				6562D0552514A3C700BB4116 /* SuperCellVM.swift */,
				6562D0562514A3C700BB4116 /* TableCellVM.swift */,
				6562D0572514A3C700BB4116 /* CollectionCellVM.swift */,
			);
			path = CellViewModel;
			sourceTree = "<group>";
		};
		6562D05A2514A3C700BB4116 /* Extensions */ = {
			isa = PBXGroup;
			children = (
				6562D05B2514A3C700BB4116 /* UITableView.swift */,
			);
			path = Extensions;
			sourceTree = "<group>";
		};
		6562D05C2514A3C700BB4116 /* TableAdapter */ = {
			isa = PBXGroup;
			children = (
				6562D05D2514A3C700BB4116 /* TableViewAdapter.swift */,
				6562D05E2514A3C700BB4116 /* Callbacks */,
				6562D0602514A3C700BB4116 /* TableViewAdapterDelegate.swift */,
			);
			path = TableAdapter;
			sourceTree = "<group>";
		};
		6562D05E2514A3C700BB4116 /* Callbacks */ = {
			isa = PBXGroup;
			children = (
				6562D05F2514A3C700BB4116 /* TableAdapterCallbacks.swift */,
			);
			path = Callbacks;
			sourceTree = "<group>";
		};
		6562D0612514A3C700BB4116 /* AdapterCallbacks */ = {
			isa = PBXGroup;
			children = (
				6562D0622514A3C700BB4116 /* AdapterScrollViewCallbacks.swift */,
			);
			path = AdapterCallbacks;
			sourceTree = "<group>";
		};
		6562D0632514A3C700BB4116 /* UIKitExtensions */ = {
			isa = PBXGroup;
			children = (
				6562D0642514A3C700BB4116 /* collectionLayout */,
				6562D0662514A3C700BB4116 /* controls */,
				6562D0692514A3C700BB4116 /* viewController */,
				6562D06E2514A3C700BB4116 /* views */,
				6562D0712514A3C700BB4116 /* base */,
			);
			path = UIKitExtensions;
			sourceTree = "<group>";
		};
		6562D0642514A3C700BB4116 /* collectionLayout */ = {
			isa = PBXGroup;
			children = (
				6562D0652514A3C700BB4116 /* VerticalFlowLayout.swift */,
			);
			path = collectionLayout;
			sourceTree = "<group>";
		};
		6562D0662514A3C700BB4116 /* controls */ = {
			isa = PBXGroup;
			children = (
				6562D0672514A3C700BB4116 /* UIButtonExt.swift */,
				6562D0682514A3C700BB4116 /* UITextFieldExt.swift */,
			);
			path = controls;
			sourceTree = "<group>";
		};
		6562D0692514A3C700BB4116 /* viewController */ = {
			isa = PBXGroup;
			children = (
				6562D06A2514A3C700BB4116 /* UINavigationItemExt.swift */,
				6562D06B2514A3C700BB4116 /* UINavigationControllerExt.swift */,
				6562D06C2514A3C700BB4116 /* UIViewControllerExt.swift */,
				6562D06D2514A3C700BB4116 /* UINavigationBarExt.swift */,
			);
			path = viewController;
			sourceTree = "<group>";
		};
		6562D06E2514A3C700BB4116 /* views */ = {
			isa = PBXGroup;
			children = (
				6562D06F2514A3C700BB4116 /* UIViewExt.swift */,
				6562D0702514A3C700BB4116 /* GradientView.swift */,
			);
			path = views;
			sourceTree = "<group>";
		};
		6562D0712514A3C700BB4116 /* base */ = {
			isa = PBXGroup;
			children = (
				6562D0722514A3C700BB4116 /* UITableViewExt.swift */,
				6562D0732514A3C700BB4116 /* UIColorExt.swift */,
				6562D0742514A3C700BB4116 /* StringExt.swift */,
				6562D0752514A3C700BB4116 /* UIFontExt.swift */,
				6562D0762514A3C700BB4116 /* NSAttributedStringSugar.swift */,
				6562D0772514A3C700BB4116 /* CGRectExt.swift */,
				6562D0782514A3C700BB4116 /* NSParagraphStyleExt.swift */,
				6562D0792514A3C700BB4116 /* UIColor+RGBA.swift */,
				6562D07A2514A3C700BB4116 /* UIImageExt.swift */,
			);
			path = base;
			sourceTree = "<group>";
		};
		A3AF73A7E1A5280A591BB443 /* Products */ = {
			isa = PBXGroup;
			children = (
				4F75D46CE4286BA66C79AD27 /* UIComponents.framework */,
			);
			name = Products;
			sourceTree = "<group>";
		};
		CB17CC7A66071F8C2CE73EB3 = {
			isa = PBXGroup;
			children = (
				0B23238E3B6CEDD4ADC7CB9A /* UIComponents */,
				5560F39DBE8E45F869169770 /* Frameworks */,
				A3AF73A7E1A5280A591BB443 /* Products */,
			);
			sourceTree = "<group>";
		};
		E4B73CA951A7416BB179AB4C /* iOS */ = {
			isa = PBXGroup;
			children = (
				FD49C1980A42635502C5C084 /* Mirage2.framework */,
			);
			path = iOS;
			sourceTree = "<group>";
		};
/* End PBXGroup section */

/* Begin PBXNativeTarget section */
		C61B68C4BB691B5A1C6B0D1E /* UIComponents */ = {
			isa = PBXNativeTarget;
			buildConfigurationList = 220B71F7BED498385A3617E0 /* Build configuration list for PBXNativeTarget "UIComponents" */;
			buildPhases = (
				4390691D843D0B506B7FE9FC /* Sources */,
				E22395C01C26B8BE7DF6A064 /* Frameworks */,
			);
			buildRules = (
			);
			dependencies = (
			);
			name = UIComponents;
			productName = UIComponents;
			productReference = 4F75D46CE4286BA66C79AD27 /* UIComponents.framework */;
			productType = "com.apple.product-type.framework";
		};
/* End PBXNativeTarget section */

/* Begin PBXProject section */
		44C9EED09D28F206A17B8B19 /* Project object */ = {
			isa = PBXProject;
			attributes = {
				LastUpgradeCheck = 1100;
				TargetAttributes = {
					C61B68C4BB691B5A1C6B0D1E = {
						ProvisioningStyle = Automatic;
					};
				};
			};
			buildConfigurationList = B25D0D423C964D4CBA9523C0 /* Build configuration list for PBXProject "UIComponents" */;
			compatibilityVersion = "Xcode 10.0";
			developmentRegion = ru;
			hasScannedForEncodings = 0;
			knownRegions = (
				ru,
				en,
			);
			mainGroup = CB17CC7A66071F8C2CE73EB3;
			projectDirPath = "";
			projectRoot = "";
			targets = (
				C61B68C4BB691B5A1C6B0D1E /* UIComponents */,
			);
		};
/* End PBXProject section */

/* Begin PBXSourcesBuildPhase section */
		4390691D843D0B506B7FE9FC /* Sources */ = {
			isa = PBXSourcesBuildPhase;
			buildActionMask = 2147483647;
			files = (
				6562D0922514A3C700BB4116 /* CollectionAdapterCallbacks.swift in Sources */,
				6562D0AC2514A3C700BB4116 /* UIButtonExt.swift in Sources */,
				6562D0A12514A3C700BB4116 /* SuperCellVM.swift in Sources */,
				6562D0962514A3C700BB4116 /* AdapterSection.swift in Sources */,
				6562D07D2514A3C700BB4116 /* ShadowConfigurator.swift in Sources */,
				6562D0932514A3C700BB4116 /* CollectionViewAdapterDelegate.swift in Sources */,
				6562D0802514A3C700BB4116 /* SectionsChanges.swift in Sources */,
				6562D0A92514A3C700BB4116 /* TableViewAdapterDelegate.swift in Sources */,
				6562D07E2514A3C700BB4116 /* ShadowableElementView.swift in Sources */,
				6562D0A52514A3C700BB4116 /* ConfigurableCell.swift in Sources */,
				6562D0A22514A3C700BB4116 /* TableCellVM.swift in Sources */,
				6562D08A2514A3C700BB4116 /* DiffAware.swift in Sources */,
				6562D0902514A3C700BB4116 /* UICollectionView+Extensions.swift in Sources */,
				6562D0872514A3C700BB4116 /* DeepHashable.swift in Sources */,
				6562D09A2514A3C700BB4116 /* AdapterList.swift in Sources */,
				6562D0A32514A3C700BB4116 /* CollectionCellVM.swift in Sources */,
				6562D0972514A3C700BB4116 /* TableRow.swift in Sources */,
				6562D0982514A3C700BB4116 /* BaseCollectionCell.swift in Sources */,
				6562D0AE2514A3C700BB4116 /* UINavigationItemExt.swift in Sources */,
				6562D07C2514A3C700BB4116 /* ShadowableElement.swift in Sources */,
				6562D0B92514A3C700BB4116 /* CGRectExt.swift in Sources */,
				6562D0B02514A3C700BB4116 /* UIViewControllerExt.swift in Sources */,
				6562D0912514A3C700BB4116 /* CollectionViewAdapter.swift in Sources */,
				6562D0852514A3C700BB4116 /* UICollectionView+BatchUpdater.swift in Sources */,
				6562D0952514A3C700BB4116 /* TableSection.swift in Sources */,
				6562D0992514A3C700BB4116 /* CollectionItem.swift in Sources */,
				6562D0A82514A3C700BB4116 /* TableAdapterCallbacks.swift in Sources */,
				6562D0882514A3C700BB4116 /* DeepDiff.swift in Sources */,
				6562D0A42514A3C700BB4116 /* RowsEquatable.swift in Sources */,
				6562D0B22514A3C700BB4116 /* UIViewExt.swift in Sources */,
				6562D0A72514A3C700BB4116 /* TableViewAdapter.swift in Sources */,
				6562D08B2514A3C700BB4116 /* Heckel.swift in Sources */,
				6562D0BB2514A3C700BB4116 /* UIColor+RGBA.swift in Sources */,
				6562D0B52514A3C700BB4116 /* UIColorExt.swift in Sources */,
				6562D0842514A3C700BB4116 /* UITableView+BatchUpdater.swift in Sources */,
				6562D0AA2514A3C700BB4116 /* AdapterScrollViewCallbacks.swift in Sources */,
				6562D0B62514A3C700BB4116 /* StringExt.swift in Sources */,
				6562D0832514A3C700BB4116 /* RowsChanges.swift in Sources */,
				6562D0862514A3C700BB4116 /* Array+Extensions.swift in Sources */,
				6562D08E2514A3C700BB4116 /* IndexPathConverter.swift in Sources */,
				6562D0B82514A3C700BB4116 /* NSAttributedStringSugar.swift in Sources */,
				6562D0B72514A3C700BB4116 /* UIFontExt.swift in Sources */,
				6562D07F2514A3C700BB4116 /* BatchUpdater.swift in Sources */,
				6562D0B42514A3C700BB4116 /* UITableViewExt.swift in Sources */,
				6562D0AB2514A3C700BB4116 /* VerticalFlowLayout.swift in Sources */,
				6562D0B32514A3C700BB4116 /* GradientView.swift in Sources */,
				6562D0BA2514A3C700BB4116 /* NSParagraphStyleExt.swift in Sources */,
				6562D0A62514A3C700BB4116 /* UITableView.swift in Sources */,
				6562D09F2514A3C700BB4116 /* TableRowConfigurable.swift in Sources */,
				6562D0A02514A3C700BB4116 /* UniqIdentifier.swift in Sources */,
				6562D0822514A3C700BB4116 /* Box.swift in Sources */,
				6562D09C2514A3C700BB4116 /* CellLayout.swift in Sources */,
				6562D0AF2514A3C700BB4116 /* UINavigationControllerExt.swift in Sources */,
				6562D0942514A3C700BB4116 /* CollectionSection.swift in Sources */,
				6562D08F2514A3C700BB4116 /* UITableView+Extensions.swift in Sources */,
				6562D0812514A3C700BB4116 /* ChangedData.swift in Sources */,
				6562D09D2514A3C700BB4116 /* CollectionItemConfigurable.swift in Sources */,
				6562D0892514A3C700BB4116 /* WagnerFischer.swift in Sources */,
				6562D0AD2514A3C700BB4116 /* UITextFieldExt.swift in Sources */,
				6562D07B2514A3C700BB4116 /* KeyboardManager.swift in Sources */,
				6562D08D2514A3C700BB4116 /* Change.swift in Sources */,
				6562D09E2514A3C700BB4116 /* ItemConfigurable.swift in Sources */,
				6562D0B12514A3C700BB4116 /* UINavigationBarExt.swift in Sources */,
				6562D08C2514A3C700BB4116 /* MoveReducer.swift in Sources */,
				6562D09B2514A3C700BB4116 /* CellCalculator.swift in Sources */,
				6562D0BC2514A3C700BB4116 /* UIImageExt.swift in Sources */,
			);
			runOnlyForDeploymentPostprocessing = 0;
		};
/* End PBXSourcesBuildPhase section */

/* Begin XCBuildConfiguration section */
		0B83994897882A20AC1BE467 /* Release */ = {
			isa = XCBuildConfiguration;
			buildSettings = {
				ALWAYS_SEARCH_USER_PATHS = NO;
				CLANG_ANALYZER_LOCALIZABILITY_NONLOCALIZED = YES;
				CLANG_ANALYZER_NONNULL = YES;
				CLANG_ANALYZER_NUMBER_OBJECT_CONVERSION = YES_AGGRESSIVE;
				CLANG_CXX_LANGUAGE_STANDARD = "gnu++14";
				CLANG_CXX_LIBRARY = "libc++";
				CLANG_ENABLE_MODULES = YES;
				CLANG_ENABLE_OBJC_ARC = YES;
				CLANG_WARN_BLOCK_CAPTURE_AUTORELEASING = YES;
				CLANG_WARN_BOOL_CONVERSION = YES;
				CLANG_WARN_COMMA = YES;
				CLANG_WARN_CONSTANT_CONVERSION = YES;
				CLANG_WARN_DEPRECATED_OBJC_IMPLEMENTATIONS = YES;
				CLANG_WARN_DIRECT_OBJC_ISA_USAGE = YES_ERROR;
				CLANG_WARN_DOCUMENTATION_COMMENTS = YES;
				CLANG_WARN_EMPTY_BODY = YES;
				CLANG_WARN_ENUM_CONVERSION = YES;
				CLANG_WARN_INFINITE_RECURSION = YES;
				CLANG_WARN_INT_CONVERSION = YES;
				CLANG_WARN_NON_LITERAL_NULL_CONVERSION = YES;
				CLANG_WARN_OBJC_IMPLICIT_RETAIN_SELF = YES;
				CLANG_WARN_OBJC_LITERAL_CONVERSION = YES;
				CLANG_WARN_OBJC_ROOT_CLASS = YES_ERROR;
				CLANG_WARN_RANGE_LOOP_ANALYSIS = YES;
				CLANG_WARN_STRICT_PROTOTYPES = YES;
				CLANG_WARN_SUSPICIOUS_MOVE = YES;
				CLANG_WARN_UNGUARDED_AVAILABILITY = YES_AGGRESSIVE;
				CLANG_WARN_UNREACHABLE_CODE = YES;
				CLANG_WARN__DUPLICATE_METHOD_MATCH = YES;
				COPY_PHASE_STRIP = NO;
				DEBUG_INFORMATION_FORMAT = "dwarf-with-dsym";
				ENABLE_NS_ASSERTIONS = NO;
				ENABLE_STRICT_OBJC_MSGSEND = YES;
				GCC_C_LANGUAGE_STANDARD = gnu11;
				GCC_NO_COMMON_BLOCKS = YES;
				GCC_WARN_64_TO_32_BIT_CONVERSION = YES;
				GCC_WARN_ABOUT_RETURN_TYPE = YES_ERROR;
				GCC_WARN_UNDECLARED_SELECTOR = YES;
				GCC_WARN_UNINITIALIZED_AUTOS = YES_AGGRESSIVE;
				GCC_WARN_UNUSED_FUNCTION = YES;
				GCC_WARN_UNUSED_VARIABLE = YES;
				IPHONEOS_DEPLOYMENT_TARGET = 9.0;
				PRODUCT_NAME = UIComponents;
				SDKROOT = iphoneos;
				SWIFT_COMPILATION_MODE = wholemodule;
				SWIFT_VERSION = 5.2;
				VALIDATE_PRODUCT = YES;
			};
			name = Release;
		};
		18CE62B8BD86F45AC1F105B3 /* Debug */ = {
			isa = XCBuildConfiguration;
			buildSettings = {
				ALWAYS_SEARCH_USER_PATHS = NO;
				CLANG_ANALYZER_LOCALIZABILITY_NONLOCALIZED = YES;
				CLANG_ANALYZER_NONNULL = YES;
				CLANG_ANALYZER_NUMBER_OBJECT_CONVERSION = YES_AGGRESSIVE;
				CLANG_CXX_LANGUAGE_STANDARD = "gnu++14";
				CLANG_CXX_LIBRARY = "libc++";
				CLANG_ENABLE_MODULES = YES;
				CLANG_ENABLE_OBJC_ARC = YES;
				CLANG_WARN_BLOCK_CAPTURE_AUTORELEASING = YES;
				CLANG_WARN_BOOL_CONVERSION = YES;
				CLANG_WARN_COMMA = YES;
				CLANG_WARN_CONSTANT_CONVERSION = YES;
				CLANG_WARN_DEPRECATED_OBJC_IMPLEMENTATIONS = YES;
				CLANG_WARN_DIRECT_OBJC_ISA_USAGE = YES_ERROR;
				CLANG_WARN_DOCUMENTATION_COMMENTS = YES;
				CLANG_WARN_EMPTY_BODY = YES;
				CLANG_WARN_ENUM_CONVERSION = YES;
				CLANG_WARN_INFINITE_RECURSION = YES;
				CLANG_WARN_INT_CONVERSION = YES;
				CLANG_WARN_NON_LITERAL_NULL_CONVERSION = YES;
				CLANG_WARN_OBJC_IMPLICIT_RETAIN_SELF = YES;
				CLANG_WARN_OBJC_LITERAL_CONVERSION = YES;
				CLANG_WARN_OBJC_ROOT_CLASS = YES_ERROR;
				CLANG_WARN_RANGE_LOOP_ANALYSIS = YES;
				CLANG_WARN_STRICT_PROTOTYPES = YES;
				CLANG_WARN_SUSPICIOUS_MOVE = YES;
				CLANG_WARN_UNGUARDED_AVAILABILITY = YES_AGGRESSIVE;
				CLANG_WARN_UNREACHABLE_CODE = YES;
				CLANG_WARN__DUPLICATE_METHOD_MATCH = YES;
				COPY_PHASE_STRIP = NO;
				DEBUG_INFORMATION_FORMAT = dwarf;
				ENABLE_STRICT_OBJC_MSGSEND = YES;
				ENABLE_TESTABILITY = YES;
				GCC_C_LANGUAGE_STANDARD = gnu11;
				GCC_DYNAMIC_NO_PIC = NO;
				GCC_NO_COMMON_BLOCKS = YES;
				GCC_OPTIMIZATION_LEVEL = 0;
				GCC_PREPROCESSOR_DEFINITIONS = (
					"$(inherited)",
					"DEBUG=1",
				);
				GCC_WARN_64_TO_32_BIT_CONVERSION = YES;
				GCC_WARN_ABOUT_RETURN_TYPE = YES_ERROR;
				GCC_WARN_UNDECLARED_SELECTOR = YES;
				GCC_WARN_UNINITIALIZED_AUTOS = YES_AGGRESSIVE;
				GCC_WARN_UNUSED_FUNCTION = YES;
				GCC_WARN_UNUSED_VARIABLE = YES;
				IPHONEOS_DEPLOYMENT_TARGET = 9.0;
				MTL_ENABLE_DEBUG_INFO = YES;
				ONLY_ACTIVE_ARCH = YES;
				PRODUCT_NAME = UIComponents;
				SDKROOT = iphoneos;
				SWIFT_ACTIVE_COMPILATION_CONDITIONS = DEBUG;
				SWIFT_OPTIMIZATION_LEVEL = "-Onone";
				SWIFT_VERSION = 5.2;
			};
			name = Debug;
		};
		589130116F7B623F5AAAF87E /* Release */ = {
			isa = XCBuildConfiguration;
			buildSettings = {
				CODE_SIGN_IDENTITY = "";
				CODE_SIGN_STYLE = Automatic;
				CURRENT_PROJECT_VERSION = 1;
				DEFINES_MODULE = YES;
				DYLIB_COMPATIBILITY_VERSION = 1;
				DYLIB_CURRENT_VERSION = 1;
				DYLIB_INSTALL_NAME_BASE = "@rpath";
				ENABLE_BITCODE = NO;
				FRAMEWORK_SEARCH_PATHS = (
					"$(inherited)",
					"$(PROJECT_DIR)/Carthage/Build/iOS",
				);
				INFOPLIST_FILE = UIComponents/Info.plist;
				INSTALL_PATH = "$(LOCAL_LIBRARY_DIR)/Frameworks";
				LD_RUNPATH_SEARCH_PATHS = (
					"$(inherited)",
					"@executable_path/Frameworks",
				);
				PRODUCT_BUNDLE_IDENTIFIER = ru.fabit.Lib.UIComponents;
				PRODUCT_MODULE_NAME = UIComponents;
				SDKROOT = iphoneos;
				SKIP_INSTALL = YES;
				TARGETED_DEVICE_FAMILY = 1;
				VERSIONING_SYSTEM = "apple-generic";
			};
			name = Release;
		};
		A8DB1B8B8CD396FD9B212C56 /* Debug */ = {
			isa = XCBuildConfiguration;
			buildSettings = {
				CODE_SIGN_IDENTITY = "";
				CODE_SIGN_STYLE = Automatic;
				CURRENT_PROJECT_VERSION = 1;
				DEFINES_MODULE = YES;
				DYLIB_COMPATIBILITY_VERSION = 1;
				DYLIB_CURRENT_VERSION = 1;
				DYLIB_INSTALL_NAME_BASE = "@rpath";
				ENABLE_BITCODE = NO;
				FRAMEWORK_SEARCH_PATHS = (
					"$(inherited)",
					"$(PROJECT_DIR)/Carthage/Build/iOS",
				);
				INFOPLIST_FILE = UIComponents/Info.plist;
				INSTALL_PATH = "$(LOCAL_LIBRARY_DIR)/Frameworks";
				LD_RUNPATH_SEARCH_PATHS = (
					"$(inherited)",
					"@executable_path/Frameworks",
				);
				PRODUCT_BUNDLE_IDENTIFIER = ru.fabit.Lib.UIComponents;
				PRODUCT_MODULE_NAME = UIComponents;
				SDKROOT = iphoneos;
				SKIP_INSTALL = YES;
				TARGETED_DEVICE_FAMILY = 1;
				VERSIONING_SYSTEM = "apple-generic";
			};
			name = Debug;
		};
/* End XCBuildConfiguration section */

/* Begin XCConfigurationList section */
		220B71F7BED498385A3617E0 /* Build configuration list for PBXNativeTarget "UIComponents" */ = {
			isa = XCConfigurationList;
			buildConfigurations = (
				A8DB1B8B8CD396FD9B212C56 /* Debug */,
				589130116F7B623F5AAAF87E /* Release */,
			);
			defaultConfigurationIsVisible = 0;
			defaultConfigurationName = Release;
		};
		B25D0D423C964D4CBA9523C0 /* Build configuration list for PBXProject "UIComponents" */ = {
			isa = XCConfigurationList;
			buildConfigurations = (
				18CE62B8BD86F45AC1F105B3 /* Debug */,
				0B83994897882A20AC1BE467 /* Release */,
			);
			defaultConfigurationIsVisible = 0;
			defaultConfigurationName = Release;
		};
/* End XCConfigurationList section */
	};
	rootObject = 44C9EED09D28F206A17B8B19 /* Project object */;
}
